
Microsoft Visual Studio Solution File, Format Version 12.00
# Visual Studio Version 17
VisualStudioVersion = 17.5.002.0
MinimumVisualStudioVersion = 10.0.40219.1
Project("{9A19103F-16F7-4668-BE54-9A1E7A4F7556}") = "CasaDeTintas", "CasaDeTintas.csproj", "{5C898D29-DC71-47ED-85C6-4843D7B2F083}"
EndProject
Global
	GlobalSection(SolutionConfigurationPlatforms) = preSolution
		Debug|Any CPU = Debug|Any CPU
		Release|Any CPU = Release|Any CPU
	EndGlobalSection
	GlobalSection(ProjectConfigurationPlatforms) = postSolution
		{5C898D29-DC71-47ED-85C6-4843D7B2F083}.Debug|Any CPU.ActiveCfg = Debug|Any CPU
		{5C898D29-DC71-47ED-85C6-4843D7B2F083}.Debug|Any CPU.Build.0 = Debug|Any CPU
		{5C898D29-DC71-47ED-85C6-4843D7B2F083}.Release|Any CPU.ActiveCfg = Release|Any CPU
		{5C898D29-DC71-47ED-85C6-4843D7B2F083}.Release|Any CPU.Build.0 = Release|Any CPU
	EndGlobalSection
	GlobalSection(SolutionProperties) = preSolution
		HideSolutionNode = FALSE
	EndGlobalSection
	GlobalSection(ExtensibilityGlobals) = postSolution
		SolutionGuid = {8045EC09-A5D2-4414-8A57-0B581431EB51}
	EndGlobalSection
EndGlobal
